// !$*UTF8*$!
{
	archiveVersion = 1;
	classes = {
	};
	objectVersion = 50;
	objects = {

/* Begin PBXBuildFile section */
		69883753220D59B4007BE0CF /* AppDelegate.swift in Sources */ = {isa = PBXBuildFile; fileRef = 69883752220D59B4007BE0CF /* AppDelegate.swift */; };
		69883755220D59B4007BE0CF /* ViewController.swift in Sources */ = {isa = PBXBuildFile; fileRef = 69883754220D59B4007BE0CF /* ViewController.swift */; };
		69883758220D59B4007BE0CF /* Main.storyboard in Resources */ = {isa = PBXBuildFile; fileRef = 69883756220D59B4007BE0CF /* Main.storyboard */; };
		6988375A220D59B5007BE0CF /* Assets.xcassets in Resources */ = {isa = PBXBuildFile; fileRef = 69883759220D59B5007BE0CF /* Assets.xcassets */; };
		6988375D220D59B5007BE0CF /* LaunchScreen.storyboard in Resources */ = {isa = PBXBuildFile; fileRef = 6988375B220D59B5007BE0CF /* LaunchScreen.storyboard */; };
		69883765220D5A00007BE0CF /* Item1ViewController.swift in Sources */ = {isa = PBXBuildFile; fileRef = 69883764220D5A00007BE0CF /* Item1ViewController.swift */; };
		69883769220D5BEC007BE0CF /* UIUtil.swift in Sources */ = {isa = PBXBuildFile; fileRef = 69883768220D5BEC007BE0CF /* UIUtil.swift */; };
		6988376B220D5F56007BE0CF /* Item2ModalViewController.swift in Sources */ = {isa = PBXBuildFile; fileRef = 6988376A220D5F56007BE0CF /* Item2ModalViewController.swift */; };
		6988376D220D600F007BE0CF /* PushLandViewController.swift in Sources */ = {isa = PBXBuildFile; fileRef = 6988376C220D600F007BE0CF /* PushLandViewController.swift */; };
		6988376F220D61E4007BE0CF /* Item2ViewController.swift in Sources */ = {isa = PBXBuildFile; fileRef = 6988376E220D61E4007BE0CF /* Item2ViewController.swift */; };
		699F4899221697820005D41F /* PresentLandViewController.swift in Sources */ = {isa = PBXBuildFile; fileRef = 699F4898221697820005D41F /* PresentLandViewController.swift */; };
		69C76F0D2237786C00416F8D /* demo.gif in Resources */ = {isa = PBXBuildFile; fileRef = 69C76F0C2237786C00416F8D /* demo.gif */; };
/* End PBXBuildFile section */

/* Begin PBXFileReference section */
		6988374F220D59B4007BE0CF /* DeviceOrientationDemo.app */ = {isa = PBXFileReference; explicitFileType = wrapper.application; includeInIndex = 0; path = DeviceOrientationDemo.app; sourceTree = BUILT_PRODUCTS_DIR; };
		69883752220D59B4007BE0CF /* AppDelegate.swift */ = {isa = PBXFileReference; lastKnownFileType = sourcecode.swift; path = AppDelegate.swift; sourceTree = "<group>"; };
		69883754220D59B4007BE0CF /* ViewController.swift */ = {isa = PBXFileReference; lastKnownFileType = sourcecode.swift; path = ViewController.swift; sourceTree = "<group>"; };
		69883757220D59B4007BE0CF /* Base */ = {isa = PBXFileReference; lastKnownFileType = file.storyboard; name = Base; path = Base.lproj/Main.storyboard; sourceTree = "<group>"; };
		69883759220D59B5007BE0CF /* Assets.xcassets */ = {isa = PBXFileReference; lastKnownFileType = folder.assetcatalog; path = Assets.xcassets; sourceTree = "<group>"; };
		6988375C220D59B5007BE0CF /* Base */ = {isa = PBXFileReference; lastKnownFileType = file.storyboard; name = Base; path = Base.lproj/LaunchScreen.storyboard; sourceTree = "<group>"; };
		6988375E220D59B5007BE0CF /* Info.plist */ = {isa = PBXFileReference; lastKnownFileType = text.plist.xml; path = Info.plist; sourceTree = "<group>"; };
		69883764220D5A00007BE0CF /* Item1ViewController.swift */ = {isa = PBXFileReference; lastKnownFileType = sourcecode.swift; path = Item1ViewController.swift; sourceTree = "<group>"; };
		69883768220D5BEC007BE0CF /* UIUtil.swift */ = {isa = PBXFileReference; fileEncoding = 4; lastKnownFileType = sourcecode.swift; path = UIUtil.swift; sourceTree = "<group>"; };
		6988376A220D5F56007BE0CF /* Item2ModalViewController.swift */ = {isa = PBXFileReference; lastKnownFileType = sourcecode.swift; path = Item2ModalViewController.swift; sourceTree = "<group>"; };
		6988376C220D600F007BE0CF /* PushLandViewController.swift */ = {isa = PBXFileReference; lastKnownFileType = sourcecode.swift; path = PushLandViewController.swift; sourceTree = "<group>"; };
		6988376E220D61E4007BE0CF /* Item2ViewController.swift */ = {isa = PBXFileReference; lastKnownFileType = sourcecode.swift; path = Item2ViewController.swift; sourceTree = "<group>"; };
		699F4898221697820005D41F /* PresentLandViewController.swift */ = {isa = PBXFileReference; lastKnownFileType = sourcecode.swift; path = PresentLandViewController.swift; sourceTree = "<group>"; };
		69C76F0C2237786C00416F8D /* demo.gif */ = {isa = PBXFileReference; lastKnownFileType = image.gif; path = demo.gif; sourceTree = "<group>"; };
/* End PBXFileReference section */

/* Begin PBXFrameworksBuildPhase section */
		6988374C220D59B4007BE0CF /* Frameworks */ = {
			isa = PBXFrameworksBuildPhase;
			buildActionMask = 2147483647;
			files = (
			);
			runOnlyForDeploymentPostprocessing = 0;
		};
/* End PBXFrameworksBuildPhase section */

/* Begin PBXGroup section */
		69883746220D59B4007BE0CF = {
			isa = PBXGroup;
			children = (
				69883751220D59B4007BE0CF /* DeviceOrientationDemo */,
				69883750220D59B4007BE0CF /* Products */,
			);
			sourceTree = "<group>";
		};
		69883750220D59B4007BE0CF /* Products */ = {
			isa = PBXGroup;
			children = (
				6988374F220D59B4007BE0CF /* DeviceOrientationDemo.app */,
			);
			name = Products;
			sourceTree = "<group>";
		};
		69883751220D59B4007BE0CF /* DeviceOrientationDemo */ = {
			isa = PBXGroup;
			children = (
				69883752220D59B4007BE0CF /* AppDelegate.swift */,
				69883754220D59B4007BE0CF /* ViewController.swift */,
				69883764220D5A00007BE0CF /* Item1ViewController.swift */,
				6988376E220D61E4007BE0CF /* Item2ViewController.swift */,
				6988376A220D5F56007BE0CF /* Item2ModalViewController.swift */,
				6988376C220D600F007BE0CF /* PushLandViewController.swift */,
				699F4898221697820005D41F /* PresentLandViewController.swift */,
				69883768220D5BEC007BE0CF /* UIUtil.swift */,
				69883756220D59B4007BE0CF /* Main.storyboard */,
				69883759220D59B5007BE0CF /* Assets.xcassets */,
				6988375B220D59B5007BE0CF /* LaunchScreen.storyboard */,
				6988375E220D59B5007BE0CF /* Info.plist */,
				69C76F0C2237786C00416F8D /* demo.gif */,
			);
			path = DeviceOrientationDemo;
			sourceTree = "<group>";
		};
/* End PBXGroup section */

/* Begin PBXNativeTarget section */
		6988374E220D59B4007BE0CF /* DeviceOrientationDemo */ = {
			isa = PBXNativeTarget;
			buildConfigurationList = 69883761220D59B5007BE0CF /* Build configuration list for PBXNativeTarget "DeviceOrientationDemo" */;
			buildPhases = (
				6988374B220D59B4007BE0CF /* Sources */,
				6988374C220D59B4007BE0CF /* Frameworks */,
				6988374D220D59B4007BE0CF /* Resources */,
			);
			buildRules = (
			);
			dependencies = (
			);
			name = DeviceOrientationDemo;
			productName = Rotate;
			productReference = 6988374F220D59B4007BE0CF /* DeviceOrientationDemo.app */;
			productType = "com.apple.product-type.application";
		};
/* End PBXNativeTarget section */

/* Begin PBXProject section */
		69883747220D59B4007BE0CF /* Project object */ = {
			isa = PBXProject;
			attributes = {
				LastSwiftUpdateCheck = 1010;
				LastUpgradeCheck = 1010;
				ORGANIZATIONNAME = "Shinvee Inc";
				TargetAttributes = {
					6988374E220D59B4007BE0CF = {
						CreatedOnToolsVersion = 10.1;
					};
				};
			};
			buildConfigurationList = 6988374A220D59B4007BE0CF /* Build configuration list for PBXProject "DeviceOrientationDemo" */;
			compatibilityVersion = "Xcode 9.3";
			developmentRegion = en;
			hasScannedForEncodings = 0;
			knownRegions = (
				en,
				Base,
			);
			mainGroup = 69883746220D59B4007BE0CF;
			productRefGroup = 69883750220D59B4007BE0CF /* Products */;
			projectDirPath = "";
			projectRoot = "";
			targets = (
				6988374E220D59B4007BE0CF /* DeviceOrientationDemo */,
			);
		};
/* End PBXProject section */

/* Begin PBXResourcesBuildPhase section */
		6988374D220D59B4007BE0CF /* Resources */ = {
			isa = PBXResourcesBuildPhase;
			buildActionMask = 2147483647;
			files = (
				6988375D220D59B5007BE0CF /* LaunchScreen.storyboard in Resources */,
				69C76F0D2237786C00416F8D /* demo.gif in Resources */,
				6988375A220D59B5007BE0CF /* Assets.xcassets in Resources */,
				69883758220D59B4007BE0CF /* Main.storyboard in Resources */,
			);
			runOnlyForDeploymentPostprocessing = 0;
		};
/* End PBXResourcesBuildPhase section */

/* Begin PBXSourcesBuildPhase section */
		6988374B220D59B4007BE0CF /* Sources */ = {
			isa = PBXSourcesBuildPhase;
			buildActionMask = 2147483647;
			files = (
				69883755220D59B4007BE0CF /* ViewController.swift in Sources */,
				699F4899221697820005D41F /* PresentLandViewController.swift in Sources */,
				6988376B220D5F56007BE0CF /* Item2ModalViewController.swift in Sources */,
				6988376D220D600F007BE0CF /* PushLandViewController.swift in Sources */,
				6988376F220D61E4007BE0CF /* Item2ViewController.swift in Sources */,
				69883765220D5A00007BE0CF /* Item1ViewController.swift in Sources */,
				69883753220D59B4007BE0CF /* AppDelegate.swift in Sources */,
				69883769220D5BEC007BE0CF /* UIUtil.swift in Sources */,
			);
			runOnlyForDeploymentPostprocessing = 0;
		};
/* End PBXSourcesBuildPhase section */

/* Begin PBXVariantGroup section */
		69883756220D59B4007BE0CF /* Main.storyboard */ = {
			isa = PBXVariantGroup;
			children = (
				69883757220D59B4007BE0CF /* Base */,
			);
			name = Main.storyboard;
			sourceTree = "<group>";
		};
		6988375B220D59B5007BE0CF /* LaunchScreen.storyboard */ = {
			isa = PBXVariantGroup;
			children = (
				6988375C220D59B5007BE0CF /* Base */,
			);
			name = LaunchScreen.storyboard;
			sourceTree = "<group>";
		};
/* End PBXVariantGroup section */

/* Begin XCBuildConfiguration section */
		6988375F220D59B5007BE0CF /* Debug */ = {
			isa = XCBuildConfiguration;
			buildSettings = {
				ALWAYS_SEARCH_USER_PATHS = NO;
				CLANG_ANALYZER_NONNULL = YES;
				CLANG_ANALYZER_NUMBER_OBJECT_CONVERSION = YES_AGGRESSIVE;
				CLANG_CXX_LANGUAGE_STANDARD = "gnu++14";
				CLANG_CXX_LIBRARY = "libc++";
				CLANG_ENABLE_MODULES = YES;
				CLANG_ENABLE_OBJC_ARC = YES;
				CLANG_ENABLE_OBJC_WEAK = YES;
				CLANG_WARN_BLOCK_CAPTURE_AUTORELEASING = YES;
				CLANG_WARN_BOOL_CONVERSION = YES;
				CLANG_WARN_COMMA = YES;
				CLANG_WARN_CONSTANT_CONVERSION = YES;
				CLANG_WARN_DEPRECATED_OBJC_IMPLEMENTATIONS = YES;
				CLANG_WARN_DIRECT_OBJC_ISA_USAGE = YES_ERROR;
				CLANG_WARN_DOCUMENTATION_COMMENTS = YES;
				CLANG_WARN_EMPTY_BODY = YES;
				CLANG_WARN_ENUM_CONVERSION = YES;
				CLANG_WARN_INFINITE_RECURSION = YES;
				CLANG_WARN_INT_CONVERSION = YES;
				CLANG_WARN_NON_LITERAL_NULL_CONVERSION = YES;
				CLANG_WARN_OBJC_IMPLICIT_RETAIN_SELF = YES;
				CLANG_WARN_OBJC_LITERAL_CONVERSION = YES;
				CLANG_WARN_OBJC_ROOT_CLASS = YES_ERROR;
				CLANG_WARN_RANGE_LOOP_ANALYSIS = YES;
				CLANG_WARN_STRICT_PROTOTYPES = YES;
				CLANG_WARN_SUSPICIOUS_MOVE = YES;
				CLANG_WARN_UNGUARDED_AVAILABILITY = YES_AGGRESSIVE;
				CLANG_WARN_UNREACHABLE_CODE = YES;
				CLANG_WARN__DUPLICATE_METHOD_MATCH = YES;
				CODE_SIGN_IDENTITY = "iPhone Developer";
				COPY_PHASE_STRIP = NO;
				DEBUG_INFORMATION_FORMAT = dwarf;
				ENABLE_STRICT_OBJC_MSGSEND = YES;
				ENABLE_TESTABILITY = YES;
				GCC_C_LANGUAGE_STANDARD = gnu11;
				GCC_DYNAMIC_NO_PIC = NO;
				GCC_NO_COMMON_BLOCKS = YES;
				GCC_OPTIMIZATION_LEVEL = 0;
				GCC_PREPROCESSOR_DEFINITIONS = (
					"DEBUG=1",
					"$(inherited)",
				);
				GCC_WARN_64_TO_32_BIT_CONVERSION = YES;
				GCC_WARN_ABOUT_RETURN_TYPE = YES_ERROR;
				GCC_WARN_UNDECLARED_SELECTOR = YES;
				GCC_WARN_UNINITIALIZED_AUTOS = YES_AGGRESSIVE;
				GCC_WARN_UNUSED_FUNCTION = YES;
				GCC_WARN_UNUSED_VARIABLE = YES;
				IPHONEOS_DEPLOYMENT_TARGET = 12.1;
				MTL_ENABLE_DEBUG_INFO = INCLUDE_SOURCE;
				MTL_FAST_MATH = YES;
				ONLY_ACTIVE_ARCH = YES;
				SDKROOT = iphoneos;
				SWIFT_ACTIVE_COMPILATION_CONDITIONS = DEBUG;
				SWIFT_OPTIMIZATION_LEVEL = "-Onone";
			};
			name = Debug;
		};
		69883760220D59B5007BE0CF /* Release */ = {
			isa = XCBuildConfiguration;
			buildSettings = {
				ALWAYS_SEARCH_USER_PATHS = NO;
				CLANG_ANALYZER_NONNULL = YES;
				CLANG_ANALYZER_NUMBER_OBJECT_CONVERSION = YES_AGGRESSIVE;
				CLANG_CXX_LANGUAGE_STANDARD = "gnu++14";
				CLANG_CXX_LIBRARY = "libc++";
				CLANG_ENABLE_MODULES = YES;
				CLANG_ENABLE_OBJC_ARC = YES;
				CLANG_ENABLE_OBJC_WEAK = YES;
				CLANG_WARN_BLOCK_CAPTURE_AUTORELEASING = YES;
				CLANG_WARN_BOOL_CONVERSION = YES;
				CLANG_WARN_COMMA = YES;
				CLANG_WARN_CONSTANT_CONVERSION = YES;
				CLANG_WARN_DEPRECATED_OBJC_IMPLEMENTATIONS = YES;
				CLANG_WARN_DIRECT_OBJC_ISA_USAGE = YES_ERROR;
				CLANG_WARN_DOCUMENTATION_COMMENTS = YES;
				CLANG_WARN_EMPTY_BODY = YES;
				CLANG_WARN_ENUM_CONVERSION = YES;
				CLANG_WARN_INFINITE_RECURSION = YES;
				CLANG_WARN_INT_CONVERSION = YES;
				CLANG_WARN_NON_LITERAL_NULL_CONVERSION = YES;
				CLANG_WARN_OBJC_IMPLICIT_RETAIN_SELF = YES;
				CLANG_WARN_OBJC_LITERAL_CONVERSION = YES;
				CLANG_WARN_OBJC_ROOT_CLASS = YES_ERROR;
				CLANG_WARN_RANGE_LOOP_ANALYSIS = YES;
				CLANG_WARN_STRICT_PROTOTYPES = YES;
				CLANG_WARN_SUSPICIOUS_MOVE = YES;
				CLANG_WARN_UNGUARDED_AVAILABILITY = YES_AGGRESSIVE;
				CLANG_WARN_UNREACHABLE_CODE = YES;
				CLANG_WARN__DUPLICATE_METHOD_MATCH = YES;
				CODE_SIGN_IDENTITY = "iPhone Developer";
				COPY_PHASE_STRIP = NO;
				DEBUG_INFORMATION_FORMAT = "dwarf-with-dsym";
				ENABLE_NS_ASSERTIONS = NO;
				ENABLE_STRICT_OBJC_MSGSEND = YES;
				GCC_C_LANGUAGE_STANDARD = gnu11;
				GCC_NO_COMMON_BLOCKS = YES;
				GCC_WARN_64_TO_32_BIT_CONVERSION = YES;
				GCC_WARN_ABOUT_RETURN_TYPE = YES_ERROR;
				GCC_WARN_UNDECLARED_SELECTOR = YES;
				GCC_WARN_UNINITIALIZED_AUTOS = YES_AGGRESSIVE;
				GCC_WARN_UNUSED_FUNCTION = YES;
				GCC_WARN_UNUSED_VARIABLE = YES;
				IPHONEOS_DEPLOYMENT_TARGET = 12.1;
				MTL_ENABLE_DEBUG_INFO = NO;
				MTL_FAST_MATH = YES;
				SDKROOT = iphoneos;
				SWIFT_COMPILATION_MODE = wholemodule;
				SWIFT_OPTIMIZATION_LEVEL = "-O";
				VALIDATE_PRODUCT = YES;
			};
			name = Release;
		};
		69883762220D59B5007BE0CF /* Debug */ = {
			isa = XCBuildConfiguration;
			buildSettings = {
				ASSETCATALOG_COMPILER_APPICON_NAME = AppIcon;
				CODE_SIGN_STYLE = Automatic;
				DEVELOPMENT_TEAM = "";
				INFOPLIST_FILE = "$(SRCROOT)/DeviceOrientationDemo/Info.plist";
				IPHONEOS_DEPLOYMENT_TARGET = 11.0;
				LD_RUNPATH_SEARCH_PATHS = (
					"$(inherited)",
					"@executable_path/Frameworks",
				);
				PRODUCT_BUNDLE_IDENTIFIER = lab.myunggu.DeviceOrientationDemo;
				PRODUCT_NAME = "$(TARGET_NAME)";
				SWIFT_VERSION = 4.2;
				TARGETED_DEVICE_FAMILY = 1;
			};
			name = Debug;
		};
		69883763220D59B5007BE0CF /* Release */ = {
			isa = XCBuildConfiguration;
			buildSettings = {
				ASSETCATALOG_COMPILER_APPICON_NAME = AppIcon;
				CODE_SIGN_STYLE = Automatic;
				DEVELOPMENT_TEAM = "";
				INFOPLIST_FILE = "$(SRCROOT)/DeviceOrientationDemo/Info.plist";
				IPHONEOS_DEPLOYMENT_TARGET = 11.0;
				LD_RUNPATH_SEARCH_PATHS = (
					"$(inherited)",
					"@executable_path/Frameworks",
				);
				PRODUCT_BUNDLE_IDENTIFIER = lab.myunggu.DeviceOrientationDemo;
				PRODUCT_NAME = "$(TARGET_NAME)";
				SWIFT_VERSION = 4.2;
				TARGETED_DEVICE_FAMILY = 1;
			};
			name = Release;
		};
/* End XCBuildConfiguration section */

/* Begin XCConfigurationList section */
		6988374A220D59B4007BE0CF /* Build configuration list for PBXProject "DeviceOrientationDemo" */ = {
			isa = XCConfigurationList;
			buildConfigurations = (
				6988375F220D59B5007BE0CF /* Debug */,
				69883760220D59B5007BE0CF /* Release */,
			);
			defaultConfigurationIsVisible = 0;
			defaultConfigurationName = Release;
		};
		69883761220D59B5007BE0CF /* Build configuration list for PBXNativeTarget "DeviceOrientationDemo" */ = {
			isa = XCConfigurationList;
			buildConfigurations = (
				69883762220D59B5007BE0CF /* Debug */,
				69883763220D59B5007BE0CF /* Release */,
			);
			defaultConfigurationIsVisible = 0;
			defaultConfigurationName = Release;
		};
/* End XCConfigurationList section */
	};
	rootObject = 69883747220D59B4007BE0CF /* Project object */;
}
